{
  "name": "web",
  "version": "1.0.0",
  "lockfileVersion": 2,
  "requires": true,
  "packages": {
    "": {
      "name": "web",
      "version": "1.0.0",
      "license": "ISC",
      "dependencies": {
        "@vue/reactivity": "^3.2.29",
        "less": "^4.1.2",
        "vue": "^3.2.29",
        "vue-router": "4"
      },
      "devDependencies": {
        "@parcel/transformer-vue": "^2.2.1",
        "@types/node": "^17.0.10",
        "@vue/compiler-sfc": "^3.2.29",
        "autoprefixer": "^10.4.2",
        "parcel": "^2.2.1",
        "postcss": "^8.4.6",
        "tailwindcss": "^3.0.18",
        "typescript": "^4.5.5"
      }
    },
    "../../node_modules/.pnpm/@parcel+transformer-vue@2.2.1/node_modules/@parcel/transformer-vue": {
      "version": "2.2.1",
      "dev": true,
      "license": "MIT",
      "dependencies": {
        "@parcel/diagnostic": "^2.2.1",
        "@parcel/plugin": "^2.2.1",
        "@parcel/source-map": "^2.0.0",
        "@parcel/utils": "^2.2.1",
        "@vue/compiler-sfc": "^3.2.27",
        "consolidate": "^0.16.0",
        "nullthrows": "^1.1.1",
        "semver": "^5.7.1"
      },
      "devDependencies": {
        "vue": "^3.2.27"
      },
      "engines": {
        "node": ">= 12.0.0",
        "parcel": "^2.2.1"
      },
      "funding": {
        "type": "opencollective",
        "url": "https://opencollective.com/parcel"
      }
    },
    "../../node_modules/.pnpm/@types+node@17.0.15/node_modules/@types/node": {
      "version": "17.0.15",
      "dev": true,
      "license": "MIT"
    },
    "../../node_modules/.pnpm/@vue+compiler-sfc@3.2.29/node_modules/@vue/compiler-sfc": {
      "version": "3.2.29",
      "dev": true,
      "license": "MIT",
      "dependencies": {
        "@babel/parser": "^7.16.4",
        "@vue/compiler-core": "3.2.29",
        "@vue/compiler-dom": "3.2.29",
        "@vue/compiler-ssr": "3.2.29",
        "@vue/reactivity-transform": "3.2.29",
        "@vue/shared": "3.2.29",
        "estree-walker": "^2.0.2",
        "magic-string": "^0.25.7",
        "postcss": "^8.1.10",
        "source-map": "^0.6.1"
      },
      "devDependencies": {
        "@babel/types": "^7.16.0",
        "@types/estree": "^0.0.48",
        "@types/lru-cache": "^5.1.0",
        "@vue/consolidate": "^0.17.3",
        "hash-sum": "^2.0.0",
        "lru-cache": "^5.1.1",
        "merge-source-map": "^1.1.0",
        "postcss-modules": "^4.0.0",
        "postcss-selector-parser": "^6.0.4",
        "pug": "^3.0.1",
        "sass": "^1.26.9"
      }
    },
    "../../node_modules/.pnpm/@vue+reactivity@3.2.29/node_modules/@vue/reactivity": {
      "version": "3.2.29",
      "license": "MIT",
      "dependencies": {
        "@vue/shared": "3.2.29"
      }
    },
    "../../node_modules/.pnpm/autoprefixer@10.4.2_postcss@8.4.6/node_modules/autoprefixer": {
      "version": "10.4.2",
      "dev": true,
      "license": "MIT",
      "dependencies": {
        "browserslist": "^4.19.1",
        "caniuse-lite": "^1.0.30001297",
        "fraction.js": "^4.1.2",
        "normalize-range": "^0.1.2",
        "picocolors": "^1.0.0",
        "postcss-value-parser": "^4.2.0"
      },
      "bin": {
        "autoprefixer": "bin/autoprefixer"
      },
      "engines": {
        "node": "^10 || ^12 || >=14"
      },
      "funding": {
        "type": "opencollective",
        "url": "https://opencollective.com/postcss/"
      },
      "peerDependencies": {
        "postcss": "^8.1.0"
      }
    },
    "../../node_modules/.pnpm/less@4.1.2/node_modules/less": {
      "version": "4.1.2",
      "license": "Apache-2.0",
      "dependencies": {
        "copy-anything": "^2.0.1",
        "parse-node-version": "^1.0.1",
        "tslib": "^2.3.0"
      },
      "bin": {
        "lessc": "bin/lessc"
      },
      "devDependencies": {
        "@less/test-data": "^4.1.0",
        "@less/test-import-module": "^4.0.0",
        "@rollup/plugin-commonjs": "^17.0.0",
        "@rollup/plugin-json": "^4.1.0",
        "@rollup/plugin-node-resolve": "^11.0.0",
        "@typescript-eslint/eslint-plugin": "^4.28.0",
        "@typescript-eslint/parser": "^4.28.0",
        "benny": "^3.6.12",
        "bootstrap-less-port": "0.3.0",
        "chai": "^4.2.0",
        "cross-env": "^7.0.3",
        "diff": "^3.2.0",
        "eslint": "^7.29.0",
        "fs-extra": "^8.1.0",
        "git-rev": "^0.2.1",
        "globby": "^10.0.1",
        "grunt": "^1.0.4",
        "grunt-cli": "^1.3.2",
        "grunt-contrib-clean": "^1.0.0",
        "grunt-contrib-connect": "^1.0.2",
        "grunt-eslint": "^23.0.0",
        "grunt-saucelabs": "^9.0.1",
        "grunt-shell": "^1.3.0",
        "html-template-tag": "^3.2.0",
        "jit-grunt": "^0.10.0",
        "less-plugin-autoprefix": "^1.5.1",
        "less-plugin-clean-css": "^1.5.1",
        "minimist": "^1.2.0",
        "mocha": "^6.2.1",
        "mocha-headless-chrome": "^2.0.3",
        "mocha-teamcity-reporter": "^3.0.0",
        "nock": "^11.8.2",
        "npm-run-all": "^4.1.5",
        "performance-now": "^0.2.0",
        "phin": "^2.2.3",
        "promise": "^7.1.1",
        "read-glob": "^3.0.0",
        "resolve": "^1.17.0",
        "rollup": "^2.52.2",
        "rollup-plugin-terser": "^5.1.1",
        "rollup-plugin-typescript2": "^0.29.0",
        "semver": "^6.3.0",
        "shx": "^0.3.2",
        "time-grunt": "^1.3.0",
        "ts-node": "^9.1.1",
        "typescript": "^4.3.4",
        "uikit": "2.27.4"
      },
      "engines": {
        "node": ">=6"
      },
      "optionalDependencies": {
        "errno": "^0.1.1",
        "graceful-fs": "^4.1.2",
        "image-size": "~0.5.0",
        "make-dir": "^2.1.0",
        "mime": "^1.4.1",
        "needle": "^2.5.2",
        "source-map": "~0.6.0"
      }
    },
    "../../node_modules/.pnpm/parcel@2.2.1_postcss@8.4.6/node_modules/parcel": {
      "version": "2.2.1",
      "dev": true,
      "license": "MIT",
      "dependencies": {
        "@parcel/config-default": "^2.2.1",
        "@parcel/core": "^2.2.1",
        "@parcel/diagnostic": "^2.2.1",
        "@parcel/events": "^2.2.1",
        "@parcel/fs": "^2.2.1",
        "@parcel/logger": "^2.2.1",
        "@parcel/package-manager": "^2.2.1",
        "@parcel/reporter-cli": "^2.2.1",
        "@parcel/reporter-dev-server": "^2.2.1",
        "@parcel/utils": "^2.2.1",
        "chalk": "^4.1.0",
        "commander": "^7.0.0",
        "get-port": "^4.2.0",
        "v8-compile-cache": "^2.0.0"
      },
      "bin": {
        "parcel": "lib/bin.js"
      },
      "devDependencies": {
        "@parcel/babel-register": "^2.2.1"
      },
      "engines": {
        "node": ">= 12.0.0"
      },
      "funding": {
        "type": "opencollective",
        "url": "https://opencollective.com/parcel"
      }
    },
    "../../node_modules/.pnpm/postcss@8.4.6/node_modules/postcss": {
      "version": "8.4.6",
      "dev": true,
      "license": "MIT",
      "dependencies": {
        "nanoid": "^3.2.0",
        "picocolors": "^1.0.0",
        "source-map-js": "^1.0.2"
      },
      "engines": {
        "node": "^10 || ^12 || >=14"
      },
      "funding": {
        "type": "opencollective",
        "url": "https://opencollective.com/postcss/"
      }
    },
    "../../node_modules/.pnpm/tailwindcss@3.0.18_833e1018ad0d7954aa80c53675939269/node_modules/tailwindcss": {
      "version": "3.0.18",
      "dev": true,
      "license": "MIT",
      "dependencies": {
        "arg": "^5.0.1",
        "chalk": "^4.1.2",
        "chokidar": "^3.5.3",
        "color-name": "^1.1.4",
        "cosmiconfig": "^7.0.1",
        "detective": "^5.2.0",
        "didyoumean": "^1.2.2",
        "dlv": "^1.1.3",
        "fast-glob": "^3.2.11",
        "glob-parent": "^6.0.2",
        "is-glob": "^4.0.3",
        "normalize-path": "^3.0.0",
        "object-hash": "^2.2.0",
        "postcss-js": "^4.0.0",
        "postcss-load-config": "^3.1.0",
        "postcss-nested": "5.0.6",
        "postcss-selector-parser": "^6.0.9",
        "postcss-value-parser": "^4.2.0",
        "quick-lru": "^5.1.1",
        "resolve": "^1.21.0"
      },
      "bin": {
        "tailwind": "lib/cli.js",
        "tailwindcss": "lib/cli.js"
      },
      "devDependencies": {
        "@swc/cli": "^0.1.55",
        "@swc/core": "^1.2.127",
        "@swc/jest": "^0.2.17",
        "@swc/register": "^0.1.7",
        "autoprefixer": "^10.4.2",
        "cssnano": "^5.0.15",
        "esbuild": "^0.14.10",
        "eslint": "^8.6.0",
        "eslint-config-prettier": "^8.3.0",
        "eslint-plugin-prettier": "^4.0.0",
        "jest": "^27.4.7",
        "jest-diff": "^27.4.6",
        "postcss": "^8.4.5",
        "prettier": "^2.5.1",
        "rimraf": "^3.0.0"
      },
      "engines": {
        "node": ">=12.13.0"
      },
      "peerDependencies": {
        "autoprefixer": "^10.0.2",
        "postcss": "^8.0.9"
      }
    },
    "../../node_modules/.pnpm/typescript@4.5.5/node_modules/typescript": {
      "version": "4.5.5",
      "dev": true,
      "license": "Apache-2.0",
      "bin": {
        "tsc": "bin/tsc",
        "tsserver": "bin/tsserver"
      },
      "devDependencies": {
        "@octokit/rest": "latest",
        "@types/browserify": "latest",
        "@types/chai": "latest",
        "@types/convert-source-map": "latest",
        "@types/glob": "latest",
        "@types/gulp": "^4.0.9",
        "@types/gulp-concat": "latest",
        "@types/gulp-newer": "latest",
        "@types/gulp-rename": "0.0.33",
        "@types/gulp-sourcemaps": "0.0.32",
        "@types/jake": "latest",
        "@types/merge2": "latest",
        "@types/microsoft__typescript-etw": "latest",
        "@types/minimatch": "latest",
        "@types/minimist": "latest",
        "@types/mkdirp": "latest",
        "@types/mocha": "latest",
        "@types/ms": "latest",
        "@types/node": "latest",
        "@types/node-fetch": "^2.3.4",
        "@types/q": "latest",
        "@types/source-map-support": "latest",
        "@types/through2": "latest",
        "@types/xml2js": "^0.4.0",
        "@typescript-eslint/eslint-plugin": "^4.28.0",
        "@typescript-eslint/experimental-utils": "^4.28.0",
        "@typescript-eslint/parser": "^4.28.0",
        "async": "latest",
        "azure-devops-node-api": "^11.0.1",
        "browser-resolve": "^1.11.2",
        "browserify": "latest",
        "chai": "latest",
        "chalk": "^4.1.2",
        "convert-source-map": "latest",
        "del": "5.1.0",
        "diff": "^4.0.2",
        "eslint": "7.12.1",
        "eslint-formatter-autolinkable-stylish": "1.1.4",
        "eslint-plugin-import": "2.22.1",
        "eslint-plugin-jsdoc": "30.7.6",
        "eslint-plugin-no-null": "1.0.2",
        "fancy-log": "latest",
        "fs-extra": "^9.0.0",
        "glob": "latest",
        "gulp": "^4.0.0",
        "gulp-concat": "latest",
        "gulp-insert": "latest",
        "gulp-newer": "latest",
        "gulp-rename": "latest",
        "gulp-sourcemaps": "latest",
        "merge2": "latest",
        "minimist": "latest",
        "mkdirp": "latest",
        "mocha": "latest",
        "mocha-fivemat-progress-reporter": "latest",
        "ms": "^2.1.3",
        "node-fetch": "^2.6.1",
        "plugin-error": "latest",
        "pretty-hrtime": "^1.0.3",
        "prex": "^0.4.3",
        "q": "latest",
        "source-map-support": "latest",
        "through2": "latest",
        "typescript": "^4.2.3",
        "vinyl": "latest",
        "vinyl-sourcemaps-apply": "latest",
        "xml2js": "^0.4.19"
      },
      "engines": {
        "node": ">=4.2.0"
      }
    },
    "../../node_modules/.pnpm/vue-router@4.0.12_vue@3.2.29/node_modules/vue-router": {
      "version": "4.0.12",
      "license": "MIT",
      "dependencies": {
        "@vue/devtools-api": "^6.0.0-beta.18"
      },
      "devDependencies": {
        "@microsoft/api-extractor": "^7.18.11",
        "@rollup/plugin-alias": "^3.1.4",
        "@rollup/plugin-commonjs": "^20.0.0",
        "@rollup/plugin-node-resolve": "^13.0.5",
        "@rollup/plugin-replace": "^3.0.0",
        "@sucrase/jest-plugin": "^2.1.1",
        "@types/jest": "^27.0.2",
        "@types/jsdom": "^16.2.13",
        "@types/webpack": "^5.28.0",
        "@types/webpack-env": "^1.16.2",
        "@vitejs/plugin-vue": "^1.9.2",
        "@vue/compiler-sfc": "^3.2.19",
        "@vue/server-renderer": "^3.2.19",
        "@vue/test-utils": "^2.0.0-rc.3",
        "axios": "^0.21.4",
        "brotli": "^1.3.2",
        "browserstack-local": "^1.4.5",
        "chalk": "^4.1.0",
        "chromedriver": "^94.0.0",
        "codecov": "^3.8.2",
        "connect-history-api-fallback": "^1.6.0",
        "conventional-changelog-cli": "^2.1.1",
        "css-loader": "^6.3.0",
        "dotenv": "^10.0.0",
        "faked-promise": "^2.2.2",
        "html-webpack-plugin": "^5.3.2",
        "jest": "^27.2.3",
        "jest-mock-warn": "^1.1.0",
        "lint-staged": "^11.1.2",
        "nightwatch": "^1.7.11",
        "nightwatch-helpers": "^1.2.0",
        "prettier": "^2.4.1",
        "rollup": "^2.57.0",
        "rollup-plugin-analyzer": "^4.0.0",
        "rollup-plugin-terser": "^7.0.2",
        "rollup-plugin-typescript2": "^0.30.0",
        "selenium-server": "^3.141.59",
        "serve-handler": "^6.1.3",
        "typescript": "~4.4.3",
        "vite": "~2.5.10",
        "vitepress": "^0.19.2",
        "vue": "^3.1.0",
        "vue-tsc": "^0.3.0",
        "yorkie": "^2.0.0"
      },
      "peerDependencies": {
        "vue": "^3.0.0"
      }
    },
    "../../node_modules/.pnpm/vue@3.2.29/node_modules/vue": {
      "version": "3.2.29",
      "license": "MIT",
      "dependencies": {
        "@vue/compiler-dom": "3.2.29",
        "@vue/compiler-sfc": "3.2.29",
        "@vue/runtime-dom": "3.2.29",
        "@vue/server-renderer": "3.2.29",
        "@vue/shared": "3.2.29"
      }
    },
    "node_modules/@parcel/transformer-vue": {
      "resolved": "../../node_modules/.pnpm/@parcel+transformer-vue@2.2.1/node_modules/@parcel/transformer-vue",
      "link": true
    },
    "node_modules/@types/node": {
      "resolved": "../../node_modules/.pnpm/@types+node@17.0.15/node_modules/@types/node",
      "link": true
    },
    "node_modules/@vue/compiler-sfc": {
      "resolved": "../../node_modules/.pnpm/@vue+compiler-sfc@3.2.29/node_modules/@vue/compiler-sfc",
      "link": true
    },
    "node_modules/@vue/reactivity": {
      "resolved": "../../node_modules/.pnpm/@vue+reactivity@3.2.29/node_modules/@vue/reactivity",
      "link": true
    },
    "node_modules/autoprefixer": {
      "resolved": "../../node_modules/.pnpm/autoprefixer@10.4.2_postcss@8.4.6/node_modules/autoprefixer",
      "link": true
    },
    "node_modules/less": {
      "resolved": "../../node_modules/.pnpm/less@4.1.2/node_modules/less",
      "link": true
    },
    "node_modules/parcel": {
      "resolved": "../../node_modules/.pnpm/parcel@2.2.1_postcss@8.4.6/node_modules/parcel",
      "link": true
    },
    "node_modules/postcss": {
      "resolved": "../../node_modules/.pnpm/postcss@8.4.6/node_modules/postcss",
      "link": true
    },
    "node_modules/tailwindcss": {
      "resolved": "../../node_modules/.pnpm/tailwindcss@3.0.18_833e1018ad0d7954aa80c53675939269/node_modules/tailwindcss",
      "link": true
    },
    "node_modules/typescript": {
      "resolved": "../../node_modules/.pnpm/typescript@4.5.5/node_modules/typescript",
      "link": true
    },
    "node_modules/vue": {
      "resolved": "../../node_modules/.pnpm/vue@3.2.29/node_modules/vue",
      "link": true
    },
    "node_modules/vue-router": {
      "resolved": "../../node_modules/.pnpm/vue-router@4.0.12_vue@3.2.29/node_modules/vue-router",
      "link": true
    }
  },
  "dependencies": {
    "@parcel/transformer-vue": {
      "version": "file:../../node_modules/.pnpm/@parcel+transformer-vue@2.2.1/node_modules/@parcel/transformer-vue",
      "requires": {
        "@parcel/diagnostic": "^2.2.1",
        "@parcel/plugin": "^2.2.1",
        "@parcel/source-map": "^2.0.0",
        "@parcel/utils": "^2.2.1",
        "@vue/compiler-sfc": "^3.2.27",
        "consolidate": "^0.16.0",
        "nullthrows": "^1.1.1",
        "semver": "^5.7.1",
        "vue": "^3.2.27"
      }
    },
    "@types/node": {
      "version": "file:../../node_modules/.pnpm/@types+node@17.0.15/node_modules/@types/node"
    },
    "@vue/compiler-sfc": {
      "version": "file:../../node_modules/.pnpm/@vue+compiler-sfc@3.2.29/node_modules/@vue/compiler-sfc",
      "requires": {
        "@babel/parser": "^7.16.4",
        "@babel/types": "^7.16.0",
        "@types/estree": "^0.0.48",
        "@types/lru-cache": "^5.1.0",
        "@vue/compiler-core": "3.2.29",
        "@vue/compiler-dom": "3.2.29",
        "@vue/compiler-ssr": "3.2.29",
        "@vue/consolidate": "^0.17.3",
        "@vue/reactivity-transform": "3.2.29",
        "@vue/shared": "3.2.29",
        "estree-walker": "^2.0.2",
        "hash-sum": "^2.0.0",
        "lru-cache": "^5.1.1",
        "magic-string": "^0.25.7",
        "merge-source-map": "^1.1.0",
        "postcss": "^8.1.10",
        "postcss-modules": "^4.0.0",
        "postcss-selector-parser": "^6.0.4",
        "pug": "^3.0.1",
        "sass": "^1.26.9",
        "source-map": "^0.6.1"
      }
    },
    "@vue/reactivity": {
      "version": "file:../../node_modules/.pnpm/@vue+reactivity@3.2.29/node_modules/@vue/reactivity",
      "requires": {
        "@vue/shared": "3.2.29"
      }
    },
    "autoprefixer": {
      "version": "file:../../node_modules/.pnpm/autoprefixer@10.4.2_postcss@8.4.6/node_modules/autoprefixer",
      "requires": {
        "browserslist": "^4.19.1",
        "caniuse-lite": "^1.0.30001297",
        "fraction.js": "^4.1.2",
        "normalize-range": "^0.1.2",
        "picocolors": "^1.0.0",
        "postcss-value-parser": "^4.2.0"
      }
    },
    "less": {
      "version": "file:../../node_modules/.pnpm/less@4.1.2/node_modules/less",
      "requires": {
        "@less/test-data": "^4.1.0",
        "@less/test-import-module": "^4.0.0",
        "@rollup/plugin-commonjs": "^17.0.0",
        "@rollup/plugin-json": "^4.1.0",
        "@rollup/plugin-node-resolve": "^11.0.0",
        "@typescript-eslint/eslint-plugin": "^4.28.0",
        "@typescript-eslint/parser": "^4.28.0",
        "benny": "^3.6.12",
        "bootstrap-less-port": "0.3.0",
        "chai": "^4.2.0",
        "copy-anything": "^2.0.1",
        "cross-env": "^7.0.3",
        "diff": "^3.2.0",
        "errno": "^0.1.1",
        "eslint": "^7.29.0",
        "fs-extra": "^8.1.0",
        "git-rev": "^0.2.1",
        "globby": "^10.0.1",
        "graceful-fs": "^4.1.2",
        "grunt": "^1.0.4",
        "grunt-cli": "^1.3.2",
        "grunt-contrib-clean": "^1.0.0",
        "grunt-contrib-connect": "^1.0.2",
        "grunt-eslint": "^23.0.0",
        "grunt-saucelabs": "^9.0.1",
        "grunt-shell": "^1.3.0",
        "html-template-tag": "^3.2.0",
        "image-size": "~0.5.0",
        "jit-grunt": "^0.10.0",
        "less-plugin-autoprefix": "^1.5.1",
        "less-plugin-clean-css": "^1.5.1",
        "make-dir": "^2.1.0",
        "mime": "^1.4.1",
        "minimist": "^1.2.0",
        "mocha": "^6.2.1",
        "mocha-headless-chrome": "^2.0.3",
        "mocha-teamcity-reporter": "^3.0.0",
        "needle": "^2.5.2",
        "nock": "^11.8.2",
        "npm-run-all": "^4.1.5",
        "parse-node-version": "^1.0.1",
        "performance-now": "^0.2.0",
        "phin": "^2.2.3",
        "promise": "^7.1.1",
        "read-glob": "^3.0.0",
        "resolve": "^1.17.0",
        "rollup": "^2.52.2",
        "rollup-plugin-terser": "^5.1.1",
        "rollup-plugin-typescript2": "^0.29.0",
        "semver": "^6.3.0",
        "shx": "^0.3.2",
        "source-map": "~0.6.0",
        "time-grunt": "^1.3.0",
        "ts-node": "^9.1.1",
        "tslib": "^2.3.0",
        "typescript": "^4.3.4",
        "uikit": "2.27.4"
      }
    },
    "parcel": {
      "version": "file:../../node_modules/.pnpm/parcel@2.2.1_postcss@8.4.6/node_modules/parcel",
      "requires": {
        "@parcel/babel-register": "^2.2.1",
        "@parcel/config-default": "^2.2.1",
        "@parcel/core": "^2.2.1",
        "@parcel/diagnostic": "^2.2.1",
        "@parcel/events": "^2.2.1",
        "@parcel/fs": "^2.2.1",
        "@parcel/logger": "^2.2.1",
        "@parcel/package-manager": "^2.2.1",
        "@parcel/reporter-cli": "^2.2.1",
        "@parcel/reporter-dev-server": "^2.2.1",
        "@parcel/utils": "^2.2.1",
        "chalk": "^4.1.0",
        "commander": "^7.0.0",
        "get-port": "^4.2.0",
        "v8-compile-cache": "^2.0.0"
      }
    },
    "postcss": {
      "version": "file:../../node_modules/.pnpm/postcss@8.4.6/node_modules/postcss",
      "requires": {
        "nanoid": "^3.2.0",
        "picocolors": "^1.0.0",
        "source-map-js": "^1.0.2"
      }
    },
    "tailwindcss": {
      "version": "file:../../node_modules/.pnpm/tailwindcss@3.0.18_833e1018ad0d7954aa80c53675939269/node_modules/tailwindcss",
      "requires": {
        "@swc/cli": "^0.1.55",
        "@swc/core": "^1.2.127",
        "@swc/jest": "^0.2.17",
        "@swc/register": "^0.1.7",
        "arg": "^5.0.1",
        "autoprefixer": "^10.4.2",
        "chalk": "^4.1.2",
        "chokidar": "^3.5.3",
        "color-name": "^1.1.4",
        "cosmiconfig": "^7.0.1",
        "cssnano": "^5.0.15",
        "detective": "^5.2.0",
        "didyoumean": "^1.2.2",
        "dlv": "^1.1.3",
        "esbuild": "^0.14.10",
        "eslint": "^8.6.0",
        "eslint-config-prettier": "^8.3.0",
        "eslint-plugin-prettier": "^4.0.0",
        "fast-glob": "^3.2.11",
        "glob-parent": "^6.0.2",
        "is-glob": "^4.0.3",
        "jest": "^27.4.7",
        "jest-diff": "^27.4.6",
        "normalize-path": "^3.0.0",
        "object-hash": "^2.2.0",
        "postcss": "^8.4.5",
        "postcss-js": "^4.0.0",
        "postcss-load-config": "^3.1.0",
        "postcss-nested": "5.0.6",
        "postcss-selector-parser": "^6.0.9",
        "postcss-value-parser": "^4.2.0",
        "prettier": "^2.5.1",
        "quick-lru": "^5.1.1",
        "resolve": "^1.21.0",
        "rimraf": "^3.0.0"
      }
    },
    "typescript": {
      "version": "file:../../node_modules/.pnpm/typescript@4.5.5/node_modules/typescript",
      "requires": {
        "@octokit/rest": "latest",
        "@types/browserify": "latest",
        "@types/chai": "latest",
        "@types/convert-source-map": "latest",
        "@types/glob": "latest",
        "@types/gulp": "^4.0.9",
        "@types/gulp-concat": "latest",
        "@types/gulp-newer": "latest",
        "@types/gulp-rename": "0.0.33",
        "@types/gulp-sourcemaps": "0.0.32",
        "@types/jake": "latest",
        "@types/merge2": "latest",
        "@types/microsoft__typescript-etw": "latest",
        "@types/minimatch": "latest",
        "@types/minimist": "latest",
        "@types/mkdirp": "latest",
        "@types/mocha": "latest",
        "@types/ms": "latest",
        "@types/node": "latest",
        "@types/node-fetch": "^2.3.4",
        "@types/q": "latest",
        "@types/source-map-support": "latest",
        "@types/through2": "latest",
        "@types/xml2js": "^0.4.0",
        "@typescript-eslint/eslint-plugin": "^4.28.0",
        "@typescript-eslint/experimental-utils": "^4.28.0",
        "@typescript-eslint/parser": "^4.28.0",
        "async": "latest",
        "azure-devops-node-api": "^11.0.1",
        "browser-resolve": "^1.11.2",
        "browserify": "latest",
        "chai": "latest",
        "chalk": "^4.1.2",
        "convert-source-map": "latest",
        "del": "5.1.0",
        "diff": "^4.0.2",
        "eslint": "7.12.1",
        "eslint-formatter-autolinkable-stylish": "1.1.4",
        "eslint-plugin-import": "2.22.1",
        "eslint-plugin-jsdoc": "30.7.6",
        "eslint-plugin-no-null": "1.0.2",
        "fancy-log": "latest",
        "fs-extra": "^9.0.0",
        "glob": "latest",
        "gulp": "^4.0.0",
        "gulp-concat": "latest",
        "gulp-insert": "latest",
        "gulp-newer": "latest",
        "gulp-rename": "latest",
        "gulp-sourcemaps": "latest",
        "merge2": "latest",
        "minimist": "latest",
        "mkdirp": "latest",
        "mocha": "latest",
        "mocha-fivemat-progress-reporter": "latest",
        "ms": "^2.1.3",
        "node-fetch": "^2.6.1",
        "plugin-error": "latest",
        "pretty-hrtime": "^1.0.3",
        "prex": "^0.4.3",
        "q": "latest",
        "source-map-support": "latest",
        "through2": "latest",
        "typescript": "^4.2.3",
        "vinyl": "latest",
        "vinyl-sourcemaps-apply": "latest",
        "xml2js": "^0.4.19"
      }
    },
    "vue": {
      "version": "file:../../node_modules/.pnpm/vue@3.2.29/node_modules/vue",
      "requires": {
        "@vue/compiler-dom": "3.2.29",
        "@vue/compiler-sfc": "3.2.29",
        "@vue/runtime-dom": "3.2.29",
        "@vue/server-renderer": "3.2.29",
        "@vue/shared": "3.2.29"
      }
    },
    "vue-router": {
      "version": "file:../../node_modules/.pnpm/vue-router@4.0.12_vue@3.2.29/node_modules/vue-router",
      "requires": {
        "@microsoft/api-extractor": "^7.18.11",
        "@rollup/plugin-alias": "^3.1.4",
        "@rollup/plugin-commonjs": "^20.0.0",
        "@rollup/plugin-node-resolve": "^13.0.5",
        "@rollup/plugin-replace": "^3.0.0",
        "@sucrase/jest-plugin": "^2.1.1",
        "@types/jest": "^27.0.2",
        "@types/jsdom": "^16.2.13",
        "@types/webpack": "^5.28.0",
        "@types/webpack-env": "^1.16.2",
        "@vitejs/plugin-vue": "^1.9.2",
        "@vue/compiler-sfc": "^3.2.19",
        "@vue/devtools-api": "^6.0.0-beta.18",
        "@vue/server-renderer": "^3.2.19",
        "@vue/test-utils": "^2.0.0-rc.3",
        "axios": "^0.21.4",
        "brotli": "^1.3.2",
        "browserstack-local": "^1.4.5",
        "chalk": "^4.1.0",
        "chromedriver": "^94.0.0",
        "codecov": "^3.8.2",
        "connect-history-api-fallback": "^1.6.0",
        "conventional-changelog-cli": "^2.1.1",
        "css-loader": "^6.3.0",
        "dotenv": "^10.0.0",
        "faked-promise": "^2.2.2",
        "html-webpack-plugin": "^5.3.2",
        "jest": "^27.2.3",
        "jest-mock-warn": "^1.1.0",
        "lint-staged": "^11.1.2",
        "nightwatch": "^1.7.11",
        "nightwatch-helpers": "^1.2.0",
        "prettier": "^2.4.1",
        "rollup": "^2.57.0",
        "rollup-plugin-analyzer": "^4.0.0",
        "rollup-plugin-terser": "^7.0.2",
        "rollup-plugin-typescript2": "^0.30.0",
        "selenium-server": "^3.141.59",
        "serve-handler": "^6.1.3",
        "typescript": "~4.4.3",
        "vite": "~2.5.10",
        "vitepress": "^0.19.2",
        "vue": "^3.1.0",
        "vue-tsc": "^0.3.0",
        "yorkie": "^2.0.0"
      }
    }
  }
}
